
Microsoft Visual Studio Solution File, Format Version 12.00
# Visual Studio Version 16
VisualStudioVersion = 16.0.31729.503
MinimumVisualStudioVersion = 10.0.40219.1
Project("{FAE04EC0-301F-11D3-BF4B-00C04F79EFBC}") = "CryptoTests", "CryptoTests\CryptoTests.csproj", "{5737C865-10C1-4FAF-98D9-4A334C63324B}"
EndProject
Global
	GlobalSection(SolutionConfigurationPlatforms) = preSolution
		Debug|Any CPU = Debug|Any CPU
		Release|Any CPU = Release|Any CPU
	EndGlobalSection
	GlobalSection(ProjectConfigurationPlatforms) = postSolution
		{5737C865-10C1-4FAF-98D9-4A334C63324B}.Debug|Any CPU.ActiveCfg = Debug|Any CPU
		{5737C865-10C1-4FAF-98D9-4A334C63324B}.Debug|Any CPU.Build.0 = Debug|Any CPU
		{5737C865-10C1-4FAF-98D9-4A334C63324B}.Release|Any CPU.ActiveCfg = Release|Any CPU
		{5737C865-10C1-4FAF-98D9-4A334C63324B}.Release|Any CPU.Build.0 = Release|Any CPU
	EndGlobalSection
	GlobalSection(SolutionProperties) = preSolution
		HideSolutionNode = FALSE
	EndGlobalSection
	GlobalSection(ExtensibilityGlobals) = postSolution
		SolutionGuid = {DB4A70FB-D9EE-4EC0-82CE-618B772A0C55}
	EndGlobalSection
EndGlobal
